
Microsoft Visual Studio Solution File, Format Version 12.00
# Visual Studio Version 17
VisualStudioVersion = 17.8.34525.116
MinimumVisualStudioVersion = 10.0.40219.1
Project("{FAE04EC0-301F-11D3-BF4B-00C04F79EFBC}") = "Bib_Noa_Van_den_Berghe", "Bib_Noa_Van_den_Berghe\Bib_Noa_Van_den_Berghe.csproj", "{47D1A85A-7C61-4371-82DD-764385006DFD}"
EndProject
Global
	GlobalSection(SolutionConfigurationPlatforms) = preSolution
		Debug|Any CPU = Debug|Any CPU
		Release|Any CPU = Release|Any CPU
	EndGlobalSection
	GlobalSection(ProjectConfigurationPlatforms) = postSolution
		{47D1A85A-7C61-4371-82DD-764385006DFD}.Debug|Any CPU.ActiveCfg = Debug|Any CPU
		{47D1A85A-7C61-4371-82DD-764385006DFD}.Debug|Any CPU.Build.0 = Debug|Any CPU
		{47D1A85A-7C61-4371-82DD-764385006DFD}.Release|Any CPU.ActiveCfg = Release|Any CPU
		{47D1A85A-7C61-4371-82DD-764385006DFD}.Release|Any CPU.Build.0 = Release|Any CPU
	EndGlobalSection
	GlobalSection(SolutionProperties) = preSolution
		HideSolutionNode = FALSE
	EndGlobalSection
	GlobalSection(ExtensibilityGlobals) = postSolution
		SolutionGuid = {DB4EA9BC-401D-470B-8256-2E286D311FEB}
	EndGlobalSection
EndGlobal
